
Microsoft Visual Studio Solution File, Format Version 12.00
Project("{FAE04EC0-301F-11D3-BF4B-00C04F79EFBC}") = "SingleHostOrleans3", "SingleHostOrleans3\SingleHostOrleans3.csproj", "{157BFE99-3816-46AE-A6D7-782AC72BD43D}"
EndProject
Project("{FAE04EC0-301F-11D3-BF4B-00C04F79EFBC}") = "SingleHostOrleans7", "SingleHostOrleans7\SingleHostOrleans7.csproj", "{330C6689-9EEE-4BBE-81BB-1F1AD05531D6}"
EndProject
Global
	GlobalSection(SolutionConfigurationPlatforms) = preSolution
		Debug|Any CPU = Debug|Any CPU
		Release|Any CPU = Release|Any CPU
	EndGlobalSection
	GlobalSection(ProjectConfigurationPlatforms) = postSolution
		{157BFE99-3816-46AE-A6D7-782AC72BD43D}.Debug|Any CPU.ActiveCfg = Debug|Any CPU
		{157BFE99-3816-46AE-A6D7-782AC72BD43D}.Debug|Any CPU.Build.0 = Debug|Any CPU
		{157BFE99-3816-46AE-A6D7-782AC72BD43D}.Release|Any CPU.ActiveCfg = Release|Any CPU
		{157BFE99-3816-46AE-A6D7-782AC72BD43D}.Release|Any CPU.Build.0 = Release|Any CPU
		{330C6689-9EEE-4BBE-81BB-1F1AD05531D6}.Debug|Any CPU.ActiveCfg = Debug|Any CPU
		{330C6689-9EEE-4BBE-81BB-1F1AD05531D6}.Debug|Any CPU.Build.0 = Debug|Any CPU
		{330C6689-9EEE-4BBE-81BB-1F1AD05531D6}.Release|Any CPU.ActiveCfg = Release|Any CPU
		{330C6689-9EEE-4BBE-81BB-1F1AD05531D6}.Release|Any CPU.Build.0 = Release|Any CPU
	EndGlobalSection
EndGlobal
